// !$*UTF8*$!
{
	archiveVersion = 1;
	classes = {
	};
	objectVersion = 77;
	objects = {

/* Begin PBXBuildFile section */
		698408482CA18D62006CD223 /* FirebaseAnalytics in Frameworks */ = {isa = PBXBuildFile; productRef = 698408472CA18D62006CD223 /* FirebaseAnalytics */; };
		6984084A2CA18D62006CD223 /* FirebaseAnalyticsOnDeviceConversion in Frameworks */ = {isa = PBXBuildFile; productRef = 698408492CA18D62006CD223 /* FirebaseAnalyticsOnDeviceConversion */; };
		6984084C2CA18D62006CD223 /* FirebaseAnalyticsWithoutAdIdSupport in Frameworks */ = {isa = PBXBuildFile; productRef = 6984084B2CA18D62006CD223 /* FirebaseAnalyticsWithoutAdIdSupport */; };
		6984084E2CA18D62006CD223 /* FirebaseAppCheck in Frameworks */ = {isa = PBXBuildFile; productRef = 6984084D2CA18D62006CD223 /* FirebaseAppCheck */; };
		698408502CA18D62006CD223 /* FirebaseAppDistribution-Beta in Frameworks */ = {isa = PBXBuildFile; productRef = 6984084F2CA18D62006CD223 /* FirebaseAppDistribution-Beta */; };
		698408522CA18D62006CD223 /* FirebaseAuth in Frameworks */ = {isa = PBXBuildFile; productRef = 698408512CA18D62006CD223 /* FirebaseAuth */; };
		698408542CA18D62006CD223 /* FirebaseAuthCombine-Community in Frameworks */ = {isa = PBXBuildFile; productRef = 698408532CA18D62006CD223 /* FirebaseAuthCombine-Community */; };
		698408562CA18D62006CD223 /* FirebaseCrashlytics in Frameworks */ = {isa = PBXBuildFile; productRef = 698408552CA18D62006CD223 /* FirebaseCrashlytics */; };
		698408582CA18D62006CD223 /* FirebaseDatabase in Frameworks */ = {isa = PBXBuildFile; productRef = 698408572CA18D62006CD223 /* FirebaseDatabase */; };
		6984085A2CA18D62006CD223 /* FirebaseDynamicLinks in Frameworks */ = {isa = PBXBuildFile; productRef = 698408592CA18D62006CD223 /* FirebaseDynamicLinks */; };
		6984085C2CA18D62006CD223 /* FirebaseFirestore in Frameworks */ = {isa = PBXBuildFile; productRef = 6984085B2CA18D62006CD223 /* FirebaseFirestore */; };
		6984085E2CA18D62006CD223 /* FirebaseFirestoreCombine-Community in Frameworks */ = {isa = PBXBuildFile; productRef = 6984085D2CA18D62006CD223 /* FirebaseFirestoreCombine-Community */; };
		698408602CA18D62006CD223 /* FirebaseFunctions in Frameworks */ = {isa = PBXBuildFile; productRef = 6984085F2CA18D62006CD223 /* FirebaseFunctions */; };
		698408622CA18D62006CD223 /* FirebaseFunctionsCombine-Community in Frameworks */ = {isa = PBXBuildFile; productRef = 698408612CA18D62006CD223 /* FirebaseFunctionsCombine-Community */; };
		698408642CA18D62006CD223 /* FirebaseInAppMessaging-Beta in Frameworks */ = {isa = PBXBuildFile; productRef = 698408632CA18D62006CD223 /* FirebaseInAppMessaging-Beta */; };
		698408662CA18D62006CD223 /* FirebaseInstallations in Frameworks */ = {isa = PBXBuildFile; productRef = 698408652CA18D62006CD223 /* FirebaseInstallations */; };
		698408682CA18D62006CD223 /* FirebaseMLModelDownloader in Frameworks */ = {isa = PBXBuildFile; productRef = 698408672CA18D62006CD223 /* FirebaseMLModelDownloader */; };
		6984086A2CA18D62006CD223 /* FirebaseMessaging in Frameworks */ = {isa = PBXBuildFile; productRef = 698408692CA18D62006CD223 /* FirebaseMessaging */; };
		6984086C2CA18D62006CD223 /* FirebasePerformance in Frameworks */ = {isa = PBXBuildFile; productRef = 6984086B2CA18D62006CD223 /* FirebasePerformance */; };
		6984086E2CA18D62006CD223 /* FirebaseRemoteConfig in Frameworks */ = {isa = PBXBuildFile; productRef = 6984086D2CA18D62006CD223 /* FirebaseRemoteConfig */; };
		698408702CA18D62006CD223 /* FirebaseStorage in Frameworks */ = {isa = PBXBuildFile; productRef = 6984086F2CA18D62006CD223 /* FirebaseStorage */; };
		698408722CA18D62006CD223 /* FirebaseStorageCombine-Community in Frameworks */ = {isa = PBXBuildFile; productRef = 698408712CA18D62006CD223 /* FirebaseStorageCombine-Community */; };
		698408742CA18D62006CD223 /* FirebaseVertexAI-Preview in Frameworks */ = {isa = PBXBuildFile; productRef = 698408732CA18D62006CD223 /* FirebaseVertexAI-Preview */; };
/* End PBXBuildFile section */

/* Begin PBXContainerItemProxy section */
		693E7F9B2C9D6B900047EB37 /* PBXContainerItemProxy */ = {
			isa = PBXContainerItemProxy;
			containerPortal = 693E7F822C9D6B8F0047EB37 /* Project object */;
			proxyType = 1;
			remoteGlobalIDString = 693E7F892C9D6B8F0047EB37;
			remoteInfo = SimpleAPNProject;
		};
		693E7FA52C9D6B900047EB37 /* PBXContainerItemProxy */ = {
			isa = PBXContainerItemProxy;
			containerPortal = 693E7F822C9D6B8F0047EB37 /* Project object */;
			proxyType = 1;
			remoteGlobalIDString = 693E7F892C9D6B8F0047EB37;
			remoteInfo = SimpleAPNProject;
		};
/* End PBXContainerItemProxy section */

/* Begin PBXFileReference section */
		693E7F8A2C9D6B8F0047EB37 /* SimpleAPNProject.app */ = {isa = PBXFileReference; explicitFileType = wrapper.application; includeInIndex = 0; path = SimpleAPNProject.app; sourceTree = BUILT_PRODUCTS_DIR; };
		693E7F9A2C9D6B900047EB37 /* SimpleAPNProjectTests.xctest */ = {isa = PBXFileReference; explicitFileType = wrapper.cfbundle; includeInIndex = 0; path = SimpleAPNProjectTests.xctest; sourceTree = BUILT_PRODUCTS_DIR; };
		693E7FA42C9D6B900047EB37 /* SimpleAPNProjectUITests.xctest */ = {isa = PBXFileReference; explicitFileType = wrapper.cfbundle; includeInIndex = 0; path = SimpleAPNProjectUITests.xctest; sourceTree = BUILT_PRODUCTS_DIR; };
/* End PBXFileReference section */

/* Begin PBXFileSystemSynchronizedBuildFileExceptionSet section */
		697C8EB82CA4006600570B8C /* Exceptions for "SimpleAPNProjectTests" folder in "SimpleAPNProjectUITests" target */ = {
			isa = PBXFileSystemSynchronizedBuildFileExceptionSet;
			membershipExceptions = (
				"GoogleService-Info.plist",
			);
			target = 693E7FA32C9D6B900047EB37 /* SimpleAPNProjectUITests */;
		};
		698408772CA18EC8006CD223 /* Exceptions for "SimpleAPNProject" folder in "SimpleAPNProject" target */ = {
			isa = PBXFileSystemSynchronizedBuildFileExceptionSet;
			membershipExceptions = (
				Info.plist,
			);
			target = 693E7F892C9D6B8F0047EB37 /* SimpleAPNProject */;
		};
/* End PBXFileSystemSynchronizedBuildFileExceptionSet section */

/* Begin PBXFileSystemSynchronizedRootGroup section */
		693E7F8C2C9D6B8F0047EB37 /* SimpleAPNProject */ = {
			isa = PBXFileSystemSynchronizedRootGroup;
			exceptions = (
				698408772CA18EC8006CD223 /* Exceptions for "SimpleAPNProject" folder in "SimpleAPNProject" target */,
			);
			path = SimpleAPNProject;
			sourceTree = "<group>";
		};
		693E7F9D2C9D6B900047EB37 /* SimpleAPNProjectTests */ = {
			isa = PBXFileSystemSynchronizedRootGroup;
			exceptions = (
				697C8EB82CA4006600570B8C /* Exceptions for "SimpleAPNProjectTests" folder in "SimpleAPNProjectUITests" target */,
			);
			path = SimpleAPNProjectTests;
			sourceTree = "<group>";
		};
		693E7FA72C9D6B900047EB37 /* SimpleAPNProjectUITests */ = {
			isa = PBXFileSystemSynchronizedRootGroup;
			path = SimpleAPNProjectUITests;
			sourceTree = "<group>";
		};
/* End PBXFileSystemSynchronizedRootGroup section */

/* Begin PBXFrameworksBuildPhase section */
		693E7F872C9D6B8F0047EB37 /* Frameworks */ = {
			isa = PBXFrameworksBuildPhase;
			buildActionMask = 2147483647;
			files = (
				698408722CA18D62006CD223 /* FirebaseStorageCombine-Community in Frameworks */,
				6984086A2CA18D62006CD223 /* FirebaseMessaging in Frameworks */,
				698408682CA18D62006CD223 /* FirebaseMLModelDownloader in Frameworks */,
				6984084E2CA18D62006CD223 /* FirebaseAppCheck in Frameworks */,
				698408522CA18D62006CD223 /* FirebaseAuth in Frameworks */,
				698408482CA18D62006CD223 /* FirebaseAnalytics in Frameworks */,
				698408502CA18D62006CD223 /* FirebaseAppDistribution-Beta in Frameworks */,
				6984084C2CA18D62006CD223 /* FirebaseAnalyticsWithoutAdIdSupport in Frameworks */,
				698408562CA18D62006CD223 /* FirebaseCrashlytics in Frameworks */,
				698408582CA18D62006CD223 /* FirebaseDatabase in Frameworks */,
				698408622CA18D62006CD223 /* FirebaseFunctionsCombine-Community in Frameworks */,
				698408542CA18D62006CD223 /* FirebaseAuthCombine-Community in Frameworks */,
				698408702CA18D62006CD223 /* FirebaseStorage in Frameworks */,
				6984084A2CA18D62006CD223 /* FirebaseAnalyticsOnDeviceConversion in Frameworks */,
				698408602CA18D62006CD223 /* FirebaseFunctions in Frameworks */,
				698408662CA18D62006CD223 /* FirebaseInstallations in Frameworks */,
				6984086C2CA18D62006CD223 /* FirebasePerformance in Frameworks */,
				6984085E2CA18D62006CD223 /* FirebaseFirestoreCombine-Community in Frameworks */,
				6984085C2CA18D62006CD223 /* FirebaseFirestore in Frameworks */,
				6984085A2CA18D62006CD223 /* FirebaseDynamicLinks in Frameworks */,
				698408642CA18D62006CD223 /* FirebaseInAppMessaging-Beta in Frameworks */,
				698408742CA18D62006CD223 /* FirebaseVertexAI-Preview in Frameworks */,
				6984086E2CA18D62006CD223 /* FirebaseRemoteConfig in Frameworks */,
			);
			runOnlyForDeploymentPostprocessing = 0;
		};
		693E7F972C9D6B900047EB37 /* Frameworks */ = {
			isa = PBXFrameworksBuildPhase;
			buildActionMask = 2147483647;
			files = (
			);
			runOnlyForDeploymentPostprocessing = 0;
		};
		693E7FA12C9D6B900047EB37 /* Frameworks */ = {
			isa = PBXFrameworksBuildPhase;
			buildActionMask = 2147483647;
			files = (
			);
			runOnlyForDeploymentPostprocessing = 0;
		};
/* End PBXFrameworksBuildPhase section */

/* Begin PBXGroup section */
		693E7F812C9D6B8F0047EB37 = {
			isa = PBXGroup;
			children = (
				693E7F8C2C9D6B8F0047EB37 /* SimpleAPNProject */,
				693E7F9D2C9D6B900047EB37 /* SimpleAPNProjectTests */,
				693E7FA72C9D6B900047EB37 /* SimpleAPNProjectUITests */,
				693E7F8B2C9D6B8F0047EB37 /* Products */,
			);
			sourceTree = "<group>";
		};
		693E7F8B2C9D6B8F0047EB37 /* Products */ = {
			isa = PBXGroup;
			children = (
				693E7F8A2C9D6B8F0047EB37 /* SimpleAPNProject.app */,
				693E7F9A2C9D6B900047EB37 /* SimpleAPNProjectTests.xctest */,
				693E7FA42C9D6B900047EB37 /* SimpleAPNProjectUITests.xctest */,
			);
			name = Products;
			sourceTree = "<group>";
		};
/* End PBXGroup section */

/* Begin PBXNativeTarget section */
		693E7F892C9D6B8F0047EB37 /* SimpleAPNProject */ = {
			isa = PBXNativeTarget;
			buildConfigurationList = 693E7FAE2C9D6B900047EB37 /* Build configuration list for PBXNativeTarget "SimpleAPNProject" */;
			buildPhases = (
				693E7F862C9D6B8F0047EB37 /* Sources */,
				693E7F872C9D6B8F0047EB37 /* Frameworks */,
				693E7F882C9D6B8F0047EB37 /* Resources */,
			);
			buildRules = (
			);
			dependencies = (
			);
			fileSystemSynchronizedGroups = (
				693E7F8C2C9D6B8F0047EB37 /* SimpleAPNProject */,
			);
			name = SimpleAPNProject;
			packageProductDependencies = (
				698408472CA18D62006CD223 /* FirebaseAnalytics */,
				698408492CA18D62006CD223 /* FirebaseAnalyticsOnDeviceConversion */,
				6984084B2CA18D62006CD223 /* FirebaseAnalyticsWithoutAdIdSupport */,
				6984084D2CA18D62006CD223 /* FirebaseAppCheck */,
				6984084F2CA18D62006CD223 /* FirebaseAppDistribution-Beta */,
				698408512CA18D62006CD223 /* FirebaseAuth */,
				698408532CA18D62006CD223 /* FirebaseAuthCombine-Community */,
				698408552CA18D62006CD223 /* FirebaseCrashlytics */,
				698408572CA18D62006CD223 /* FirebaseDatabase */,
				698408592CA18D62006CD223 /* FirebaseDynamicLinks */,
				6984085B2CA18D62006CD223 /* FirebaseFirestore */,
				6984085D2CA18D62006CD223 /* FirebaseFirestoreCombine-Community */,
				6984085F2CA18D62006CD223 /* FirebaseFunctions */,
				698408612CA18D62006CD223 /* FirebaseFunctionsCombine-Community */,
				698408632CA18D62006CD223 /* FirebaseInAppMessaging-Beta */,
				698408652CA18D62006CD223 /* FirebaseInstallations */,
				698408672CA18D62006CD223 /* FirebaseMLModelDownloader */,
				698408692CA18D62006CD223 /* FirebaseMessaging */,
				6984086B2CA18D62006CD223 /* FirebasePerformance */,
				6984086D2CA18D62006CD223 /* FirebaseRemoteConfig */,
				6984086F2CA18D62006CD223 /* FirebaseStorage */,
				698408712CA18D62006CD223 /* FirebaseStorageCombine-Community */,
				698408732CA18D62006CD223 /* FirebaseVertexAI-Preview */,
			);
			productName = SimpleAPNProject;
			productReference = 693E7F8A2C9D6B8F0047EB37 /* SimpleAPNProject.app */;
			productType = "com.apple.product-type.application";
		};
		693E7F992C9D6B900047EB37 /* SimpleAPNProjectTests */ = {
			isa = PBXNativeTarget;
			buildConfigurationList = 693E7FB12C9D6B900047EB37 /* Build configuration list for PBXNativeTarget "SimpleAPNProjectTests" */;
			buildPhases = (
				693E7F962C9D6B900047EB37 /* Sources */,
				693E7F972C9D6B900047EB37 /* Frameworks */,
				693E7F982C9D6B900047EB37 /* Resources */,
			);
			buildRules = (
			);
			dependencies = (
				693E7F9C2C9D6B900047EB37 /* PBXTargetDependency */,
			);
			fileSystemSynchronizedGroups = (
				693E7F9D2C9D6B900047EB37 /* SimpleAPNProjectTests */,
			);
			name = SimpleAPNProjectTests;
			packageProductDependencies = (
			);
			productName = SimpleAPNProjectTests;
			productReference = 693E7F9A2C9D6B900047EB37 /* SimpleAPNProjectTests.xctest */;
			productType = "com.apple.product-type.bundle.unit-test";
		};
		693E7FA32C9D6B900047EB37 /* SimpleAPNProjectUITests */ = {
			isa = PBXNativeTarget;
			buildConfigurationList = 693E7FB42C9D6B900047EB37 /* Build configuration list for PBXNativeTarget "SimpleAPNProjectUITests" */;
			buildPhases = (
				693E7FA02C9D6B900047EB37 /* Sources */,
				693E7FA12C9D6B900047EB37 /* Frameworks */,
				693E7FA22C9D6B900047EB37 /* Resources */,
			);
			buildRules = (
			);
			dependencies = (
				693E7FA62C9D6B900047EB37 /* PBXTargetDependency */,
			);
			fileSystemSynchronizedGroups = (
				693E7FA72C9D6B900047EB37 /* SimpleAPNProjectUITests */,
			);
			name = SimpleAPNProjectUITests;
			packageProductDependencies = (
			);
			productName = SimpleAPNProjectUITests;
			productReference = 693E7FA42C9D6B900047EB37 /* SimpleAPNProjectUITests.xctest */;
			productType = "com.apple.product-type.bundle.ui-testing";
		};
/* End PBXNativeTarget section */

/* Begin PBXProject section */
		693E7F822C9D6B8F0047EB37 /* Project object */ = {
			isa = PBXProject;
			attributes = {
				BuildIndependentTargetsInParallel = 1;
				LastSwiftUpdateCheck = 1600;
				LastUpgradeCheck = 1600;
				TargetAttributes = {
					693E7F892C9D6B8F0047EB37 = {
						CreatedOnToolsVersion = 16.0;
					};
					693E7F992C9D6B900047EB37 = {
						CreatedOnToolsVersion = 16.0;
						TestTargetID = 693E7F892C9D6B8F0047EB37;
					};
					693E7FA32C9D6B900047EB37 = {
						CreatedOnToolsVersion = 16.0;
						TestTargetID = 693E7F892C9D6B8F0047EB37;
					};
				};
			};
			buildConfigurationList = 693E7F852C9D6B8F0047EB37 /* Build configuration list for PBXProject "SimpleAPNProject" */;
			developmentRegion = en;
			hasScannedForEncodings = 0;
			knownRegions = (
				en,
				Base,
			);
			mainGroup = 693E7F812C9D6B8F0047EB37;
			minimizedProjectReferenceProxies = 1;
			packageReferences = (
				698408462CA18D62006CD223 /* XCRemoteSwiftPackageReference "firebase-ios-sdk" */,
			);
			preferredProjectObjectVersion = 77;
			productRefGroup = 693E7F8B2C9D6B8F0047EB37 /* Products */;
			projectDirPath = "";
			projectRoot = "";
			targets = (
				693E7F892C9D6B8F0047EB37 /* SimpleAPNProject */,
				693E7F992C9D6B900047EB37 /* SimpleAPNProjectTests */,
				693E7FA32C9D6B900047EB37 /* SimpleAPNProjectUITests */,
			);
		};
/* End PBXProject section */

/* Begin PBXResourcesBuildPhase section */
		693E7F882C9D6B8F0047EB37 /* Resources */ = {
			isa = PBXResourcesBuildPhase;
			buildActionMask = 2147483647;
			files = (
			);
			runOnlyForDeploymentPostprocessing = 0;
		};
		693E7F982C9D6B900047EB37 /* Resources */ = {
			isa = PBXResourcesBuildPhase;
			buildActionMask = 2147483647;
			files = (
			);
			runOnlyForDeploymentPostprocessing = 0;
		};
		693E7FA22C9D6B900047EB37 /* Resources */ = {
			isa = PBXResourcesBuildPhase;
			buildActionMask = 2147483647;
			files = (
			);
			runOnlyForDeploymentPostprocessing = 0;
		};
/* End PBXResourcesBuildPhase section */

/* Begin PBXSourcesBuildPhase section */
		693E7F862C9D6B8F0047EB37 /* Sources */ = {
			isa = PBXSourcesBuildPhase;
			buildActionMask = 2147483647;
			files = (
			);
			runOnlyForDeploymentPostprocessing = 0;
		};
		693E7F962C9D6B900047EB37 /* Sources */ = {
			isa = PBXSourcesBuildPhase;
			buildActionMask = 2147483647;
			files = (
			);
			runOnlyForDeploymentPostprocessing = 0;
		};
		693E7FA02C9D6B900047EB37 /* Sources */ = {
			isa = PBXSourcesBuildPhase;
			buildActionMask = 2147483647;
			files = (
			);
			runOnlyForDeploymentPostprocessing = 0;
		};
/* End PBXSourcesBuildPhase section */

/* Begin PBXTargetDependency section */
		693E7F9C2C9D6B900047EB37 /* PBXTargetDependency */ = {
			isa = PBXTargetDependency;
			target = 693E7F892C9D6B8F0047EB37 /* SimpleAPNProject */;
			targetProxy = 693E7F9B2C9D6B900047EB37 /* PBXContainerItemProxy */;
		};
		693E7FA62C9D6B900047EB37 /* PBXTargetDependency */ = {
			isa = PBXTargetDependency;
			target = 693E7F892C9D6B8F0047EB37 /* SimpleAPNProject */;
			targetProxy = 693E7FA52C9D6B900047EB37 /* PBXContainerItemProxy */;
		};
/* End PBXTargetDependency section */

/* Begin XCBuildConfiguration section */
		693E7FAC2C9D6B900047EB37 /* Debug */ = {
			isa = XCBuildConfiguration;
			buildSettings = {
				ALWAYS_SEARCH_USER_PATHS = NO;
				ASSETCATALOG_COMPILER_GENERATE_SWIFT_ASSET_SYMBOL_EXTENSIONS = YES;
				CLANG_ANALYZER_NONNULL = YES;
				CLANG_ANALYZER_NUMBER_OBJECT_CONVERSION = YES_AGGRESSIVE;
				CLANG_CXX_LANGUAGE_STANDARD = "gnu++20";
				CLANG_ENABLE_MODULES = YES;
				CLANG_ENABLE_OBJC_ARC = YES;
				CLANG_ENABLE_OBJC_WEAK = YES;
				CLANG_WARN_BLOCK_CAPTURE_AUTORELEASING = YES;
				CLANG_WARN_BOOL_CONVERSION = YES;
				CLANG_WARN_COMMA = YES;
				CLANG_WARN_CONSTANT_CONVERSION = YES;
				CLANG_WARN_DEPRECATED_OBJC_IMPLEMENTATIONS = YES;
				CLANG_WARN_DIRECT_OBJC_ISA_USAGE = YES_ERROR;
				CLANG_WARN_DOCUMENTATION_COMMENTS = YES;
				CLANG_WARN_EMPTY_BODY = YES;
				CLANG_WARN_ENUM_CONVERSION = YES;
				CLANG_WARN_INFINITE_RECURSION = YES;
				CLANG_WARN_INT_CONVERSION = YES;
				CLANG_WARN_NON_LITERAL_NULL_CONVERSION = YES;
				CLANG_WARN_OBJC_IMPLICIT_RETAIN_SELF = YES;
				CLANG_WARN_OBJC_LITERAL_CONVERSION = YES;
				CLANG_WARN_OBJC_ROOT_CLASS = YES_ERROR;
				CLANG_WARN_QUOTED_INCLUDE_IN_FRAMEWORK_HEADER = YES;
				CLANG_WARN_RANGE_LOOP_ANALYSIS = YES;
				CLANG_WARN_STRICT_PROTOTYPES = YES;
				CLANG_WARN_SUSPICIOUS_MOVE = YES;
				CLANG_WARN_UNGUARDED_AVAILABILITY = YES_AGGRESSIVE;
				CLANG_WARN_UNREACHABLE_CODE = YES;
				CLANG_WARN__DUPLICATE_METHOD_MATCH = YES;
				COPY_PHASE_STRIP = NO;
				DEBUG_INFORMATION_FORMAT = dwarf;
				ENABLE_STRICT_OBJC_MSGSEND = YES;
				ENABLE_TESTABILITY = YES;
				ENABLE_USER_SCRIPT_SANDBOXING = YES;
				GCC_C_LANGUAGE_STANDARD = gnu17;
				GCC_DYNAMIC_NO_PIC = NO;
				GCC_NO_COMMON_BLOCKS = YES;
				GCC_OPTIMIZATION_LEVEL = 0;
				GCC_PREPROCESSOR_DEFINITIONS = (
					"DEBUG=1",
					"$(inherited)",
				);
				GCC_WARN_64_TO_32_BIT_CONVERSION = YES;
				GCC_WARN_ABOUT_RETURN_TYPE = YES_ERROR;
				GCC_WARN_UNDECLARED_SELECTOR = YES;
				GCC_WARN_UNINITIALIZED_AUTOS = YES_AGGRESSIVE;
				GCC_WARN_UNUSED_FUNCTION = YES;
				GCC_WARN_UNUSED_VARIABLE = YES;
				IPHONEOS_DEPLOYMENT_TARGET = 18.0;
				LOCALIZATION_PREFERS_STRING_CATALOGS = YES;
				MTL_ENABLE_DEBUG_INFO = INCLUDE_SOURCE;
				MTL_FAST_MATH = YES;
				ONLY_ACTIVE_ARCH = YES;
				SDKROOT = iphoneos;
				SWIFT_ACTIVE_COMPILATION_CONDITIONS = "DEBUG $(inherited)";
				SWIFT_OPTIMIZATION_LEVEL = "-Onone";
			};
			name = Debug;
		};
		693E7FAD2C9D6B900047EB37 /* Release */ = {
			isa = XCBuildConfiguration;
			buildSettings = {
				ALWAYS_SEARCH_USER_PATHS = NO;
				ASSETCATALOG_COMPILER_GENERATE_SWIFT_ASSET_SYMBOL_EXTENSIONS = YES;
				CLANG_ANALYZER_NONNULL = YES;
				CLANG_ANALYZER_NUMBER_OBJECT_CONVERSION = YES_AGGRESSIVE;
				CLANG_CXX_LANGUAGE_STANDARD = "gnu++20";
				CLANG_ENABLE_MODULES = YES;
				CLANG_ENABLE_OBJC_ARC = YES;
				CLANG_ENABLE_OBJC_WEAK = YES;
				CLANG_WARN_BLOCK_CAPTURE_AUTORELEASING = YES;
				CLANG_WARN_BOOL_CONVERSION = YES;
				CLANG_WARN_COMMA = YES;
				CLANG_WARN_CONSTANT_CONVERSION = YES;
				CLANG_WARN_DEPRECATED_OBJC_IMPLEMENTATIONS = YES;
				CLANG_WARN_DIRECT_OBJC_ISA_USAGE = YES_ERROR;
				CLANG_WARN_DOCUMENTATION_COMMENTS = YES;
				CLANG_WARN_EMPTY_BODY = YES;
				CLANG_WARN_ENUM_CONVERSION = YES;
				CLANG_WARN_INFINITE_RECURSION = YES;
				CLANG_WARN_INT_CONVERSION = YES;
				CLANG_WARN_NON_LITERAL_NULL_CONVERSION = YES;
				CLANG_WARN_OBJC_IMPLICIT_RETAIN_SELF = YES;
				CLANG_WARN_OBJC_LITERAL_CONVERSION = YES;
				CLANG_WARN_OBJC_ROOT_CLASS = YES_ERROR;
				CLANG_WARN_QUOTED_INCLUDE_IN_FRAMEWORK_HEADER = YES;
				CLANG_WARN_RANGE_LOOP_ANALYSIS = YES;
				CLANG_WARN_STRICT_PROTOTYPES = YES;
				CLANG_WARN_SUSPICIOUS_MOVE = YES;
				CLANG_WARN_UNGUARDED_AVAILABILITY = YES_AGGRESSIVE;
				CLANG_WARN_UNREACHABLE_CODE = YES;
				CLANG_WARN__DUPLICATE_METHOD_MATCH = YES;
				COPY_PHASE_STRIP = NO;
				DEBUG_INFORMATION_FORMAT = "dwarf-with-dsym";
				ENABLE_NS_ASSERTIONS = NO;
				ENABLE_STRICT_OBJC_MSGSEND = YES;
				ENABLE_USER_SCRIPT_SANDBOXING = YES;
				GCC_C_LANGUAGE_STANDARD = gnu17;
				GCC_NO_COMMON_BLOCKS = YES;
				GCC_WARN_64_TO_32_BIT_CONVERSION = YES;
				GCC_WARN_ABOUT_RETURN_TYPE = YES_ERROR;
				GCC_WARN_UNDECLARED_SELECTOR = YES;
				GCC_WARN_UNINITIALIZED_AUTOS = YES_AGGRESSIVE;
				GCC_WARN_UNUSED_FUNCTION = YES;
				GCC_WARN_UNUSED_VARIABLE = YES;
				IPHONEOS_DEPLOYMENT_TARGET = 18.0;
				LOCALIZATION_PREFERS_STRING_CATALOGS = YES;
				MTL_ENABLE_DEBUG_INFO = NO;
				MTL_FAST_MATH = YES;
				SDKROOT = iphoneos;
				SWIFT_COMPILATION_MODE = wholemodule;
				VALIDATE_PRODUCT = YES;
			};
			name = Release;
		};
		693E7FAF2C9D6B900047EB37 /* Debug */ = {
			isa = XCBuildConfiguration;
			buildSettings = {
				ASSETCATALOG_COMPILER_APPICON_NAME = AppIcon;
				ASSETCATALOG_COMPILER_GLOBAL_ACCENT_COLOR_NAME = AccentColor;
				CODE_SIGN_ENTITLEMENTS = SimpleAPNProject/SimpleAPNProject.entitlements;
				CODE_SIGN_STYLE = Automatic;
				CURRENT_PROJECT_VERSION = 1;
				DEVELOPMENT_ASSET_PATHS = "\"SimpleAPNProject/Preview Content\"";
				DEVELOPMENT_TEAM = W7YR8X3S8M;
				ENABLE_PREVIEWS = YES;
				GENERATE_INFOPLIST_FILE = YES;
				INFOPLIST_FILE = SimpleAPNProject/Info.plist;
				INFOPLIST_KEY_UIApplicationSceneManifest_Generation = YES;
				INFOPLIST_KEY_UIApplicationSupportsIndirectInputEvents = YES;
				INFOPLIST_KEY_UILaunchScreen_Generation = YES;
				INFOPLIST_KEY_UISupportedInterfaceOrientations_iPad = "UIInterfaceOrientationPortrait UIInterfaceOrientationPortraitUpsideDown UIInterfaceOrientationLandscapeLeft UIInterfaceOrientationLandscapeRight";
				INFOPLIST_KEY_UISupportedInterfaceOrientations_iPhone = "UIInterfaceOrientationPortrait UIInterfaceOrientationLandscapeLeft UIInterfaceOrientationLandscapeRight";
				LD_RUNPATH_SEARCH_PATHS = (
					"$(inherited)",
					"@executable_path/Frameworks",
				);
				MARKETING_VERSION = 1.0;
				PRODUCT_BUNDLE_IDENTIFIER = gr.flexcar.mobile.simpleapn;
				PRODUCT_NAME = "$(TARGET_NAME)";
				SWIFT_EMIT_LOC_STRINGS = YES;
				SWIFT_VERSION = 5.0;
				TARGETED_DEVICE_FAMILY = "1,2";
			};
			name = Debug;
		};
		693E7FB02C9D6B900047EB37 /* Release */ = {
			isa = XCBuildConfiguration;
			buildSettings = {
				ASSETCATALOG_COMPILER_APPICON_NAME = AppIcon;
				ASSETCATALOG_COMPILER_GLOBAL_ACCENT_COLOR_NAME = AccentColor;
				CODE_SIGN_ENTITLEMENTS = SimpleAPNProject/SimpleAPNProject.entitlements;
				CODE_SIGN_STYLE = Automatic;
				CURRENT_PROJECT_VERSION = 1;
				DEVELOPMENT_ASSET_PATHS = "\"SimpleAPNProject/Preview Content\"";
				DEVELOPMENT_TEAM = W7YR8X3S8M;
				ENABLE_PREVIEWS = YES;
				GENERATE_INFOPLIST_FILE = YES;
				INFOPLIST_FILE = SimpleAPNProject/Info.plist;
				INFOPLIST_KEY_UIApplicationSceneManifest_Generation = YES;
				INFOPLIST_KEY_UIApplicationSupportsIndirectInputEvents = YES;
				INFOPLIST_KEY_UILaunchScreen_Generation = YES;
				INFOPLIST_KEY_UISupportedInterfaceOrientations_iPad = "UIInterfaceOrientationPortrait UIInterfaceOrientationPortraitUpsideDown UIInterfaceOrientationLandscapeLeft UIInterfaceOrientationLandscapeRight";
				INFOPLIST_KEY_UISupportedInterfaceOrientations_iPhone = "UIInterfaceOrientationPortrait UIInterfaceOrientationLandscapeLeft UIInterfaceOrientationLandscapeRight";
				LD_RUNPATH_SEARCH_PATHS = (
					"$(inherited)",
					"@executable_path/Frameworks",
				);
				MARKETING_VERSION = 1.0;
				PRODUCT_BUNDLE_IDENTIFIER = gr.flexcar.mobile.simpleapn;
				PRODUCT_NAME = "$(TARGET_NAME)";
				SWIFT_EMIT_LOC_STRINGS = YES;
				SWIFT_VERSION = 5.0;
				TARGETED_DEVICE_FAMILY = "1,2";
			};
			name = Release;
		};
		693E7FB22C9D6B900047EB37 /* Debug */ = {
			isa = XCBuildConfiguration;
			buildSettings = {
				BUNDLE_LOADER = "$(TEST_HOST)";
				CODE_SIGN_STYLE = Automatic;
				CURRENT_PROJECT_VERSION = 1;
				DEVELOPMENT_TEAM = 2A9KWAY42J;
				GENERATE_INFOPLIST_FILE = YES;
				IPHONEOS_DEPLOYMENT_TARGET = 18.0;
				MARKETING_VERSION = 1.0;
				PRODUCT_BUNDLE_IDENTIFIER = com.ioannisandreoulakisswift.SimpleAPNProjectTests;
				PRODUCT_NAME = "$(TARGET_NAME)";
				SWIFT_EMIT_LOC_STRINGS = NO;
				SWIFT_VERSION = 5.0;
				TARGETED_DEVICE_FAMILY = "1,2";
				TEST_HOST = "$(BUILT_PRODUCTS_DIR)/SimpleAPNProject.app/$(BUNDLE_EXECUTABLE_FOLDER_PATH)/SimpleAPNProject";
			};
			name = Debug;
		};
		693E7FB32C9D6B900047EB37 /* Release */ = {
			isa = XCBuildConfiguration;
			buildSettings = {
				BUNDLE_LOADER = "$(TEST_HOST)";
				CODE_SIGN_STYLE = Automatic;
				CURRENT_PROJECT_VERSION = 1;
				DEVELOPMENT_TEAM = 2A9KWAY42J;
				GENERATE_INFOPLIST_FILE = YES;
				IPHONEOS_DEPLOYMENT_TARGET = 18.0;
				MARKETING_VERSION = 1.0;
				PRODUCT_BUNDLE_IDENTIFIER = com.ioannisandreoulakisswift.SimpleAPNProjectTests;
				PRODUCT_NAME = "$(TARGET_NAME)";
				SWIFT_EMIT_LOC_STRINGS = NO;
				SWIFT_VERSION = 5.0;
				TARGETED_DEVICE_FAMILY = "1,2";
				TEST_HOST = "$(BUILT_PRODUCTS_DIR)/SimpleAPNProject.app/$(BUNDLE_EXECUTABLE_FOLDER_PATH)/SimpleAPNProject";
			};
			name = Release;
		};
		693E7FB52C9D6B900047EB37 /* Debug */ = {
			isa = XCBuildConfiguration;
			buildSettings = {
				CODE_SIGN_STYLE = Automatic;
				CURRENT_PROJECT_VERSION = 1;
				DEVELOPMENT_TEAM = 2A9KWAY42J;
				GENERATE_INFOPLIST_FILE = YES;
				MARKETING_VERSION = 1.0;
				PRODUCT_BUNDLE_IDENTIFIER = com.ioannisandreoulakisswift.SimpleAPNProjectUITests;
				PRODUCT_NAME = "$(TARGET_NAME)";
				SWIFT_EMIT_LOC_STRINGS = NO;
				SWIFT_VERSION = 5.0;
				TARGETED_DEVICE_FAMILY = "1,2";
				TEST_TARGET_NAME = SimpleAPNProject;
			};
			name = Debug;
		};
		693E7FB62C9D6B900047EB37 /* Release */ = {
			isa = XCBuildConfiguration;
			buildSettings = {
				CODE_SIGN_STYLE = Automatic;
				CURRENT_PROJECT_VERSION = 1;
				DEVELOPMENT_TEAM = 2A9KWAY42J;
				GENERATE_INFOPLIST_FILE = YES;
				MARKETING_VERSION = 1.0;
				PRODUCT_BUNDLE_IDENTIFIER = com.ioannisandreoulakisswift.SimpleAPNProjectUITests;
				PRODUCT_NAME = "$(TARGET_NAME)";
				SWIFT_EMIT_LOC_STRINGS = NO;
				SWIFT_VERSION = 5.0;
				TARGETED_DEVICE_FAMILY = "1,2";
				TEST_TARGET_NAME = SimpleAPNProject;
			};
			name = Release;
		};
/* End XCBuildConfiguration section */

/* Begin XCConfigurationList section */
		693E7F852C9D6B8F0047EB37 /* Build configuration list for PBXProject "SimpleAPNProject" */ = {
			isa = XCConfigurationList;
			buildConfigurations = (
				693E7FAC2C9D6B900047EB37 /* Debug */,
				693E7FAD2C9D6B900047EB37 /* Release */,
			);
			defaultConfigurationIsVisible = 0;
			defaultConfigurationName = Release;
		};
		693E7FAE2C9D6B900047EB37 /* Build configuration list for PBXNativeTarget "SimpleAPNProject" */ = {
			isa = XCConfigurationList;
			buildConfigurations = (
				693E7FAF2C9D6B900047EB37 /* Debug */,
				693E7FB02C9D6B900047EB37 /* Release */,
			);
			defaultConfigurationIsVisible = 0;
			defaultConfigurationName = Release;
		};
		693E7FB12C9D6B900047EB37 /* Build configuration list for PBXNativeTarget "SimpleAPNProjectTests" */ = {
			isa = XCConfigurationList;
			buildConfigurations = (
				693E7FB22C9D6B900047EB37 /* Debug */,
				693E7FB32C9D6B900047EB37 /* Release */,
			);
			defaultConfigurationIsVisible = 0;
			defaultConfigurationName = Release;
		};
		693E7FB42C9D6B900047EB37 /* Build configuration list for PBXNativeTarget "SimpleAPNProjectUITests" */ = {
			isa = XCConfigurationList;
			buildConfigurations = (
				693E7FB52C9D6B900047EB37 /* Debug */,
				693E7FB62C9D6B900047EB37 /* Release */,
			);
			defaultConfigurationIsVisible = 0;
			defaultConfigurationName = Release;
		};
/* End XCConfigurationList section */

/* Begin XCRemoteSwiftPackageReference section */
		698408462CA18D62006CD223 /* XCRemoteSwiftPackageReference "firebase-ios-sdk" */ = {
			isa = XCRemoteSwiftPackageReference;
			repositoryURL = "https://github.com/firebase/firebase-ios-sdk";
			requirement = {
				kind = upToNextMajorVersion;
				minimumVersion = 11.2.0;
			};
		};
/* End XCRemoteSwiftPackageReference section */

/* Begin XCSwiftPackageProductDependency section */
		698408472CA18D62006CD223 /* FirebaseAnalytics */ = {
			isa = XCSwiftPackageProductDependency;
			package = 698408462CA18D62006CD223 /* XCRemoteSwiftPackageReference "firebase-ios-sdk" */;
			productName = FirebaseAnalytics;
		};
		698408492CA18D62006CD223 /* FirebaseAnalyticsOnDeviceConversion */ = {
			isa = XCSwiftPackageProductDependency;
			package = 698408462CA18D62006CD223 /* XCRemoteSwiftPackageReference "firebase-ios-sdk" */;
			productName = FirebaseAnalyticsOnDeviceConversion;
		};
		6984084B2CA18D62006CD223 /* FirebaseAnalyticsWithoutAdIdSupport */ = {
			isa = XCSwiftPackageProductDependency;
			package = 698408462CA18D62006CD223 /* XCRemoteSwiftPackageReference "firebase-ios-sdk" */;
			productName = FirebaseAnalyticsWithoutAdIdSupport;
		};
		6984084D2CA18D62006CD223 /* FirebaseAppCheck */ = {
			isa = XCSwiftPackageProductDependency;
			package = 698408462CA18D62006CD223 /* XCRemoteSwiftPackageReference "firebase-ios-sdk" */;
			productName = FirebaseAppCheck;
		};
		6984084F2CA18D62006CD223 /* FirebaseAppDistribution-Beta */ = {
			isa = XCSwiftPackageProductDependency;
			package = 698408462CA18D62006CD223 /* XCRemoteSwiftPackageReference "firebase-ios-sdk" */;
			productName = "FirebaseAppDistribution-Beta";
		};
		698408512CA18D62006CD223 /* FirebaseAuth */ = {
			isa = XCSwiftPackageProductDependency;
			package = 698408462CA18D62006CD223 /* XCRemoteSwiftPackageReference "firebase-ios-sdk" */;
			productName = FirebaseAuth;
		};
		698408532CA18D62006CD223 /* FirebaseAuthCombine-Community */ = {
			isa = XCSwiftPackageProductDependency;
			package = 698408462CA18D62006CD223 /* XCRemoteSwiftPackageReference "firebase-ios-sdk" */;
			productName = "FirebaseAuthCombine-Community";
		};
		698408552CA18D62006CD223 /* FirebaseCrashlytics */ = {
			isa = XCSwiftPackageProductDependency;
			package = 698408462CA18D62006CD223 /* XCRemoteSwiftPackageReference "firebase-ios-sdk" */;
			productName = FirebaseCrashlytics;
		};
		698408572CA18D62006CD223 /* FirebaseDatabase */ = {
			isa = XCSwiftPackageProductDependency;
			package = 698408462CA18D62006CD223 /* XCRemoteSwiftPackageReference "firebase-ios-sdk" */;
			productName = FirebaseDatabase;
		};
		698408592CA18D62006CD223 /* FirebaseDynamicLinks */ = {
			isa = XCSwiftPackageProductDependency;
			package = 698408462CA18D62006CD223 /* XCRemoteSwiftPackageReference "firebase-ios-sdk" */;
			productName = FirebaseDynamicLinks;
		};
		6984085B2CA18D62006CD223 /* FirebaseFirestore */ = {
			isa = XCSwiftPackageProductDependency;
			package = 698408462CA18D62006CD223 /* XCRemoteSwiftPackageReference "firebase-ios-sdk" */;
			productName = FirebaseFirestore;
		};
		6984085D2CA18D62006CD223 /* FirebaseFirestoreCombine-Community */ = {
			isa = XCSwiftPackageProductDependency;
			package = 698408462CA18D62006CD223 /* XCRemoteSwiftPackageReference "firebase-ios-sdk" */;
			productName = "FirebaseFirestoreCombine-Community";
		};
		6984085F2CA18D62006CD223 /* FirebaseFunctions */ = {
			isa = XCSwiftPackageProductDependency;
			package = 698408462CA18D62006CD223 /* XCRemoteSwiftPackageReference "firebase-ios-sdk" */;
			productName = FirebaseFunctions;
		};
		698408612CA18D62006CD223 /* FirebaseFunctionsCombine-Community */ = {
			isa = XCSwiftPackageProductDependency;
			package = 698408462CA18D62006CD223 /* XCRemoteSwiftPackageReference "firebase-ios-sdk" */;
			productName = "FirebaseFunctionsCombine-Community";
		};
		698408632CA18D62006CD223 /* FirebaseInAppMessaging-Beta */ = {
			isa = XCSwiftPackageProductDependency;
			package = 698408462CA18D62006CD223 /* XCRemoteSwiftPackageReference "firebase-ios-sdk" */;
			productName = "FirebaseInAppMessaging-Beta";
		};
		698408652CA18D62006CD223 /* FirebaseInstallations */ = {
			isa = XCSwiftPackageProductDependency;
			package = 698408462CA18D62006CD223 /* XCRemoteSwiftPackageReference "firebase-ios-sdk" */;
			productName = FirebaseInstallations;
		};
		698408672CA18D62006CD223 /* FirebaseMLModelDownloader */ = {
			isa = XCSwiftPackageProductDependency;
			package = 698408462CA18D62006CD223 /* XCRemoteSwiftPackageReference "firebase-ios-sdk" */;
			productName = FirebaseMLModelDownloader;
		};
		698408692CA18D62006CD223 /* FirebaseMessaging */ = {
			isa = XCSwiftPackageProductDependency;
			package = 698408462CA18D62006CD223 /* XCRemoteSwiftPackageReference "firebase-ios-sdk" */;
			productName = FirebaseMessaging;
		};
		6984086B2CA18D62006CD223 /* FirebasePerformance */ = {
			isa = XCSwiftPackageProductDependency;
			package = 698408462CA18D62006CD223 /* XCRemoteSwiftPackageReference "firebase-ios-sdk" */;
			productName = FirebasePerformance;
		};
		6984086D2CA18D62006CD223 /* FirebaseRemoteConfig */ = {
			isa = XCSwiftPackageProductDependency;
			package = 698408462CA18D62006CD223 /* XCRemoteSwiftPackageReference "firebase-ios-sdk" */;
			productName = FirebaseRemoteConfig;
		};
		6984086F2CA18D62006CD223 /* FirebaseStorage */ = {
			isa = XCSwiftPackageProductDependency;
			package = 698408462CA18D62006CD223 /* XCRemoteSwiftPackageReference "firebase-ios-sdk" */;
			productName = FirebaseStorage;
		};
		698408712CA18D62006CD223 /* FirebaseStorageCombine-Community */ = {
			isa = XCSwiftPackageProductDependency;
			package = 698408462CA18D62006CD223 /* XCRemoteSwiftPackageReference "firebase-ios-sdk" */;
			productName = "FirebaseStorageCombine-Community";
		};
		698408732CA18D62006CD223 /* FirebaseVertexAI-Preview */ = {
			isa = XCSwiftPackageProductDependency;
			package = 698408462CA18D62006CD223 /* XCRemoteSwiftPackageReference "firebase-ios-sdk" */;
			productName = "FirebaseVertexAI-Preview";
		};
/* End XCSwiftPackageProductDependency section */
	};
	rootObject = 693E7F822C9D6B8F0047EB37 /* Project object */;
}
